PODS:
  - WebViewBridge.Swift (2.4)

DEPENDENCIES:
  - WebViewBridge.Swift (from `../`)

EXTERNAL SOURCES:
  WebViewBridge.Swift:
    :path: "../"

SPEC CHECKSUMS:
  WebViewBridge.Swift: bc9a3f2f86095ebef4372da7e8acd5aeefd26797

PODFILE CHECKSUM: 1b44b4bd256c18e23da2274d1fe9ed5c889a80ae

COCOAPODS: 1.6.1
