PODS:
  - WebViewBridge.Swift (2.1)

DEPENDENCIES:
  - WebViewBridge.Swift (from `../`)

EXTERNAL SOURCES:
  WebViewBridge.Swift:
    :path: ../

SPEC CHECKSUMS:
  WebViewBridge.Swift: 040f70a429a1607172b6d47ab6c78aa7444fd301

PODFILE CHECKSUM: 1b44b4bd256c18e23da2274d1fe9ed5c889a80ae

COCOAPODS: 1.3.1
