// !$*UTF8*$!
{
	archiveVersion = 1;
	classes = {
	};
	objectVersion = 46;
	objects = {

/* Begin PBXBuildFile section */
		ED90A3311D1661DA003FA3A5 /* AppDelegate.swift in Sources */ = {isa = PBXBuildFile; fileRef = ED90A3301D1661DA003FA3A5 /* AppDelegate.swift */; };
		ED90A3361D1661DA003FA3A5 /* Main.storyboard in Resources */ = {isa = PBXBuildFile; fileRef = ED90A3341D1661DA003FA3A5 /* Main.storyboard */; };
		ED90A3381D1661DA003FA3A5 /* Assets.xcassets in Resources */ = {isa = PBXBuildFile; fileRef = ED90A3371D1661DA003FA3A5 /* Assets.xcassets */; };
		ED90A33B1D1661DA003FA3A5 /* LaunchScreen.storyboard in Resources */ = {isa = PBXBuildFile; fileRef = ED90A3391D1661DA003FA3A5 /* LaunchScreen.storyboard */; };
		ED90A3671D167DBE003FA3A5 /* ZHWebViewBridge.swift in Sources */ = {isa = PBXBuildFile; fileRef = ED90A3661D167DBE003FA3A5 /* ZHWebViewBridge.swift */; };
		EDF09E4A1D17B55D00A5583D /* ZHViewController1.swift in Sources */ = {isa = PBXBuildFile; fileRef = EDF09E491D17B55D00A5583D /* ZHViewController1.swift */; };
		EDF09E4E1D17B5D000A5583D /* ZHViewController2.swift in Sources */ = {isa = PBXBuildFile; fileRef = EDF09E4D1D17B5D000A5583D /* ZHViewController2.swift */; };
		EDF09E501D17B70A00A5583D /* html_template.html in Resources */ = {isa = PBXBuildFile; fileRef = EDF09E4F1D17B70A00A5583D /* html_template.html */; };
		EDF09E521D17B7D300A5583D /* ZHData.swift in Sources */ = {isa = PBXBuildFile; fileRef = EDF09E511D17B7D300A5583D /* ZHData.swift */; };
		EDF09E541D17BBED00A5583D /* place_holder.png in Resources */ = {isa = PBXBuildFile; fileRef = EDF09E531D17BBED00A5583D /* place_holder.png */; };
		EDF09E5A1D180D3000A5583D /* bridge.js in Resources */ = {isa = PBXBuildFile; fileRef = EDF09E591D180D3000A5583D /* bridge.js */; };
/* End PBXBuildFile section */

/* Begin PBXFileReference section */
		ED90A32D1D1661DA003FA3A5 /* WebViewBridge.Swift.app */ = {isa = PBXFileReference; explicitFileType = wrapper.application; includeInIndex = 0; path = WebViewBridge.Swift.app; sourceTree = BUILT_PRODUCTS_DIR; };
		ED90A3301D1661DA003FA3A5 /* AppDelegate.swift */ = {isa = PBXFileReference; lastKnownFileType = sourcecode.swift; path = AppDelegate.swift; sourceTree = "<group>"; };
		ED90A3351D1661DA003FA3A5 /* Base */ = {isa = PBXFileReference; lastKnownFileType = file.storyboard; name = Base; path = Base.lproj/Main.storyboard; sourceTree = "<group>"; };
		ED90A3371D1661DA003FA3A5 /* Assets.xcassets */ = {isa = PBXFileReference; lastKnownFileType = folder.assetcatalog; path = Assets.xcassets; sourceTree = "<group>"; };
		ED90A33A1D1661DA003FA3A5 /* Base */ = {isa = PBXFileReference; lastKnownFileType = file.storyboard; name = Base; path = Base.lproj/LaunchScreen.storyboard; sourceTree = "<group>"; };
		ED90A33C1D1661DA003FA3A5 /* Info.plist */ = {isa = PBXFileReference; lastKnownFileType = text.plist.xml; path = Info.plist; sourceTree = "<group>"; };
		ED90A3451D1661DA003FA3A5 /* WebViewBridge_SwiftTests.swift */ = {isa = PBXFileReference; lastKnownFileType = sourcecode.swift; path = WebViewBridge_SwiftTests.swift; sourceTree = "<group>"; };
		ED90A3471D1661DA003FA3A5 /* Info.plist */ = {isa = PBXFileReference; lastKnownFileType = text.plist.xml; path = Info.plist; sourceTree = "<group>"; };
		ED90A3501D1661DA003FA3A5 /* WebViewBridge_SwiftUITests.swift */ = {isa = PBXFileReference; lastKnownFileType = sourcecode.swift; path = WebViewBridge_SwiftUITests.swift; sourceTree = "<group>"; };
		ED90A3521D1661DA003FA3A5 /* Info.plist */ = {isa = PBXFileReference; lastKnownFileType = text.plist.xml; path = Info.plist; sourceTree = "<group>"; };
		ED90A3661D167DBE003FA3A5 /* ZHWebViewBridge.swift */ = {isa = PBXFileReference; fileEncoding = 4; lastKnownFileType = sourcecode.swift; path = ZHWebViewBridge.swift; sourceTree = "<group>"; };
		EDF09E491D17B55D00A5583D /* ZHViewController1.swift */ = {isa = PBXFileReference; fileEncoding = 4; lastKnownFileType = sourcecode.swift; path = ZHViewController1.swift; sourceTree = SOURCE_ROOT; };
		EDF09E4D1D17B5D000A5583D /* ZHViewController2.swift */ = {isa = PBXFileReference; fileEncoding = 4; lastKnownFileType = sourcecode.swift; path = ZHViewController2.swift; sourceTree = SOURCE_ROOT; };
		EDF09E4F1D17B70A00A5583D /* html_template.html */ = {isa = PBXFileReference; fileEncoding = 4; lastKnownFileType = text.html; path = html_template.html; sourceTree = "<group>"; };
		EDF09E511D17B7D300A5583D /* ZHData.swift */ = {isa = PBXFileReference; fileEncoding = 4; lastKnownFileType = sourcecode.swift; name = ZHData.swift; path = ../ZHData.swift; sourceTree = "<group>"; };
		EDF09E531D17BBED00A5583D /* place_holder.png */ = {isa = PBXFileReference; lastKnownFileType = image.png; path = place_holder.png; sourceTree = "<group>"; };
		EDF09E591D180D3000A5583D /* bridge.js */ = {isa = PBXFileReference; fileEncoding = 4; lastKnownFileType = sourcecode.javascript; path = bridge.js; sourceTree = "<group>"; };
/* End PBXFileReference section */

/* Begin PBXFrameworksBuildPhase section */
		ED90A32A1D1661DA003FA3A5 /* Frameworks */ = {
			isa = PBXFrameworksBuildPhase;
			buildActionMask = 2147483647;
			files = (
			);
			runOnlyForDeploymentPostprocessing = 0;
		};
/* End PBXFrameworksBuildPhase section */

/* Begin PBXGroup section */
		ED90A3241D1661DA003FA3A5 = {
			isa = PBXGroup;
			children = (
				ED90A3651D167DBE003FA3A5 /* Sources */,
				ED90A32F1D1661DA003FA3A5 /* WebViewBridge.Swift */,
				ED90A3441D1661DA003FA3A5 /* WebViewBridge.SwiftTests */,
				ED90A34F1D1661DA003FA3A5 /* WebViewBridge.SwiftUITests */,
				ED90A32E1D1661DA003FA3A5 /* Products */,
			);
			sourceTree = "<group>";
		};
		ED90A32E1D1661DA003FA3A5 /* Products */ = {
			isa = PBXGroup;
			children = (
				ED90A32D1D1661DA003FA3A5 /* WebViewBridge.Swift.app */,
			);
			name = Products;
			sourceTree = "<group>";
		};
		ED90A32F1D1661DA003FA3A5 /* WebViewBridge.Swift */ = {
			isa = PBXGroup;
			children = (
				EDF09E511D17B7D300A5583D /* ZHData.swift */,
				EDF09E4F1D17B70A00A5583D /* html_template.html */,
				EDF09E531D17BBED00A5583D /* place_holder.png */,
				ED90A3301D1661DA003FA3A5 /* AppDelegate.swift */,
				ED90A3341D1661DA003FA3A5 /* Main.storyboard */,
				ED90A3371D1661DA003FA3A5 /* Assets.xcassets */,
				ED90A3391D1661DA003FA3A5 /* LaunchScreen.storyboard */,
				ED90A33C1D1661DA003FA3A5 /* Info.plist */,
				EDF09E491D17B55D00A5583D /* ZHViewController1.swift */,
				EDF09E4D1D17B5D000A5583D /* ZHViewController2.swift */,
			);
			path = WebViewBridge.Swift;
			sourceTree = "<group>";
		};
		ED90A3441D1661DA003FA3A5 /* WebViewBridge.SwiftTests */ = {
			isa = PBXGroup;
			children = (
				ED90A3451D1661DA003FA3A5 /* WebViewBridge_SwiftTests.swift */,
				ED90A3471D1661DA003FA3A5 /* Info.plist */,
			);
			path = WebViewBridge.SwiftTests;
			sourceTree = "<group>";
		};
		ED90A34F1D1661DA003FA3A5 /* WebViewBridge.SwiftUITests */ = {
			isa = PBXGroup;
			children = (
				ED90A3501D1661DA003FA3A5 /* WebViewBridge_SwiftUITests.swift */,
				ED90A3521D1661DA003FA3A5 /* Info.plist */,
			);
			path = WebViewBridge.SwiftUITests;
			sourceTree = "<group>";
		};
		ED90A3651D167DBE003FA3A5 /* Sources */ = {
			isa = PBXGroup;
			children = (
				EDF09E591D180D3000A5583D /* bridge.js */,
				ED90A3661D167DBE003FA3A5 /* ZHWebViewBridge.swift */,
			);
			path = Sources;
			sourceTree = "<group>";
		};
/* End PBXGroup section */

/* Begin PBXNativeTarget section */
		ED90A32C1D1661DA003FA3A5 /* WebViewBridge.Swift */ = {
			isa = PBXNativeTarget;
			buildConfigurationList = ED90A3551D1661DA003FA3A5 /* Build configuration list for PBXNativeTarget "WebViewBridge.Swift" */;
			buildPhases = (
				ED90A3291D1661DA003FA3A5 /* Sources */,
				ED90A32A1D1661DA003FA3A5 /* Frameworks */,
				ED90A32B1D1661DA003FA3A5 /* Resources */,
			);
			buildRules = (
			);
			dependencies = (
			);
			name = WebViewBridge.Swift;
			productName = WebViewBridge.Swift;
			productReference = ED90A32D1D1661DA003FA3A5 /* WebViewBridge.Swift.app */;
			productType = "com.apple.product-type.application";
		};
/* End PBXNativeTarget section */

/* Begin PBXProject section */
		ED90A3251D1661DA003FA3A5 /* Project object */ = {
			isa = PBXProject;
			attributes = {
				LastSwiftUpdateCheck = 0730;
				LastUpgradeCheck = 0810;
				ORGANIZATIONNAME = travel;
				TargetAttributes = {
					ED90A32C1D1661DA003FA3A5 = {
						CreatedOnToolsVersion = 7.3.1;
						DevelopmentTeam = SWM5MN65PP;
						LastSwiftMigration = 0800;
					};
				};
			};
			buildConfigurationList = ED90A3281D1661DA003FA3A5 /* Build configuration list for PBXProject "WebViewBridge.Swift" */;
			compatibilityVersion = "Xcode 3.2";
			developmentRegion = English;
			hasScannedForEncodings = 0;
			knownRegions = (
				en,
				Base,
			);
			mainGroup = ED90A3241D1661DA003FA3A5;
			productRefGroup = ED90A32E1D1661DA003FA3A5 /* Products */;
			projectDirPath = "";
			projectRoot = "";
			targets = (
				ED90A32C1D1661DA003FA3A5 /* WebViewBridge.Swift */,
			);
		};
/* End PBXProject section */

/* Begin PBXResourcesBuildPhase section */
		ED90A32B1D1661DA003FA3A5 /* Resources */ = {
			isa = PBXResourcesBuildPhase;
			buildActionMask = 2147483647;
			files = (
				EDF09E541D17BBED00A5583D /* place_holder.png in Resources */,
				ED90A33B1D1661DA003FA3A5 /* LaunchScreen.storyboard in Resources */,
				EDF09E501D17B70A00A5583D /* html_template.html in Resources */,
				EDF09E5A1D180D3000A5583D /* bridge.js in Resources */,
				ED90A3381D1661DA003FA3A5 /* Assets.xcassets in Resources */,
				ED90A3361D1661DA003FA3A5 /* Main.storyboard in Resources */,
			);
			runOnlyForDeploymentPostprocessing = 0;
		};
/* End PBXResourcesBuildPhase section */

/* Begin PBXSourcesBuildPhase section */
		ED90A3291D1661DA003FA3A5 /* Sources */ = {
			isa = PBXSourcesBuildPhase;
			buildActionMask = 2147483647;
			files = (
				EDF09E4A1D17B55D00A5583D /* ZHViewController1.swift in Sources */,
				EDF09E4E1D17B5D000A5583D /* ZHViewController2.swift in Sources */,
				ED90A3671D167DBE003FA3A5 /* ZHWebViewBridge.swift in Sources */,
				EDF09E521D17B7D300A5583D /* ZHData.swift in Sources */,
				ED90A3311D1661DA003FA3A5 /* AppDelegate.swift in Sources */,
			);
			runOnlyForDeploymentPostprocessing = 0;
		};
/* End PBXSourcesBuildPhase section */

/* Begin PBXVariantGroup section */
		ED90A3341D1661DA003FA3A5 /* Main.storyboard */ = {
			isa = PBXVariantGroup;
			children = (
				ED90A3351D1661DA003FA3A5 /* Base */,
			);
			name = Main.storyboard;
			sourceTree = "<group>";
		};
		ED90A3391D1661DA003FA3A5 /* LaunchScreen.storyboard */ = {
			isa = PBXVariantGroup;
			children = (
				ED90A33A1D1661DA003FA3A5 /* Base */,
			);
			name = LaunchScreen.storyboard;
			sourceTree = "<group>";
		};
/* End PBXVariantGroup section */

/* Begin XCBuildConfiguration section */
		ED90A3531D1661DA003FA3A5 /* Debug */ = {
			isa = XCBuildConfiguration;
			buildSettings = {
				ALWAYS_SEARCH_USER_PATHS = NO;
				CLANG_ANALYZER_NONNULL = YES;
				CLANG_CXX_LANGUAGE_STANDARD = "gnu++0x";
				CLANG_CXX_LIBRARY = "libc++";
				CLANG_ENABLE_MODULES = YES;
				CLANG_ENABLE_OBJC_ARC = YES;
				CLANG_WARN_BOOL_CONVERSION = YES;
				CLANG_WARN_CONSTANT_CONVERSION = YES;
				CLANG_WARN_DIRECT_OBJC_ISA_USAGE = YES_ERROR;
				CLANG_WARN_EMPTY_BODY = YES;
				CLANG_WARN_ENUM_CONVERSION = YES;
				CLANG_WARN_INFINITE_RECURSION = YES;
				CLANG_WARN_INT_CONVERSION = YES;
				CLANG_WARN_OBJC_ROOT_CLASS = YES_ERROR;
				CLANG_WARN_SUSPICIOUS_MOVE = YES;
				CLANG_WARN_UNREACHABLE_CODE = YES;
				CLANG_WARN__DUPLICATE_METHOD_MATCH = YES;
				"CODE_SIGN_IDENTITY[sdk=iphoneos*]" = "iPhone Developer";
				COPY_PHASE_STRIP = NO;
				DEBUG_INFORMATION_FORMAT = dwarf;
				ENABLE_STRICT_OBJC_MSGSEND = YES;
				ENABLE_TESTABILITY = YES;
				GCC_C_LANGUAGE_STANDARD = gnu99;
				GCC_DYNAMIC_NO_PIC = NO;
				GCC_NO_COMMON_BLOCKS = YES;
				GCC_OPTIMIZATION_LEVEL = 0;
				GCC_PREPROCESSOR_DEFINITIONS = (
					"DEBUG=1",
					"$(inherited)",
				);
				GCC_WARN_64_TO_32_BIT_CONVERSION = YES;
				GCC_WARN_ABOUT_RETURN_TYPE = YES_ERROR;
				GCC_WARN_UNDECLARED_SELECTOR = YES;
				GCC_WARN_UNINITIALIZED_AUTOS = YES_AGGRESSIVE;
				GCC_WARN_UNUSED_FUNCTION = YES;
				GCC_WARN_UNUSED_VARIABLE = YES;
				IPHONEOS_DEPLOYMENT_TARGET = 9.3;
				MTL_ENABLE_DEBUG_INFO = YES;
				ONLY_ACTIVE_ARCH = YES;
				SDKROOT = iphoneos;
				SWIFT_OPTIMIZATION_LEVEL = "-Onone";
				TARGETED_DEVICE_FAMILY = "1,2";
			};
			name = Debug;
		};
		ED90A3541D1661DA003FA3A5 /* Release */ = {
			isa = XCBuildConfiguration;
			buildSettings = {
				ALWAYS_SEARCH_USER_PATHS = NO;
				CLANG_ANALYZER_NONNULL = YES;
				CLANG_CXX_LANGUAGE_STANDARD = "gnu++0x";
				CLANG_CXX_LIBRARY = "libc++";
				CLANG_ENABLE_MODULES = YES;
				CLANG_ENABLE_OBJC_ARC = YES;
				CLANG_WARN_BOOL_CONVERSION = YES;
				CLANG_WARN_CONSTANT_CONVERSION = YES;
				CLANG_WARN_DIRECT_OBJC_ISA_USAGE = YES_ERROR;
				CLANG_WARN_EMPTY_BODY = YES;
				CLANG_WARN_ENUM_CONVERSION = YES;
				CLANG_WARN_INFINITE_RECURSION = YES;
				CLANG_WARN_INT_CONVERSION = YES;
				CLANG_WARN_OBJC_ROOT_CLASS = YES_ERROR;
				CLANG_WARN_SUSPICIOUS_MOVE = YES;
				CLANG_WARN_UNREACHABLE_CODE = YES;
				CLANG_WARN__DUPLICATE_METHOD_MATCH = YES;
				"CODE_SIGN_IDENTITY[sdk=iphoneos*]" = "iPhone Developer";
				COPY_PHASE_STRIP = NO;
				DEBUG_INFORMATION_FORMAT = "dwarf-with-dsym";
				ENABLE_NS_ASSERTIONS = NO;
				ENABLE_STRICT_OBJC_MSGSEND = YES;
				GCC_C_LANGUAGE_STANDARD = gnu99;
				GCC_NO_COMMON_BLOCKS = YES;
				GCC_WARN_64_TO_32_BIT_CONVERSION = YES;
				GCC_WARN_ABOUT_RETURN_TYPE = YES_ERROR;
				GCC_WARN_UNDECLARED_SELECTOR = YES;
				GCC_WARN_UNINITIALIZED_AUTOS = YES_AGGRESSIVE;
				GCC_WARN_UNUSED_FUNCTION = YES;
				GCC_WARN_UNUSED_VARIABLE = YES;
				IPHONEOS_DEPLOYMENT_TARGET = 9.3;
				MTL_ENABLE_DEBUG_INFO = NO;
				SDKROOT = iphoneos;
				SWIFT_OPTIMIZATION_LEVEL = "-Owholemodule";
				TARGETED_DEVICE_FAMILY = "1,2";
				VALIDATE_PRODUCT = YES;
			};
			name = Release;
		};
		ED90A3561D1661DA003FA3A5 /* Debug */ = {
			isa = XCBuildConfiguration;
			buildSettings = {
				ASSETCATALOG_COMPILER_APPICON_NAME = AppIcon;
				DEVELOPMENT_TEAM = SWM5MN65PP;
				INFOPLIST_FILE = WebViewBridge.Swift/Info.plist;
				IPHONEOS_DEPLOYMENT_TARGET = 8.0;
				LD_RUNPATH_SEARCH_PATHS = "$(inherited) @executable_path/Frameworks";
				PRODUCT_BUNDLE_IDENTIFIER = "com.undefined.WebViewBridge-Swift";
				PRODUCT_NAME = "$(TARGET_NAME)";
				SWIFT_VERSION = 3.0;
			};
			name = Debug;
		};
		ED90A3571D1661DA003FA3A5 /* Release */ = {
			isa = XCBuildConfiguration;
			buildSettings = {
				ASSETCATALOG_COMPILER_APPICON_NAME = AppIcon;
				DEVELOPMENT_TEAM = SWM5MN65PP;
				INFOPLIST_FILE = WebViewBridge.Swift/Info.plist;
				IPHONEOS_DEPLOYMENT_TARGET = 8.0;
				LD_RUNPATH_SEARCH_PATHS = "$(inherited) @executable_path/Frameworks";
				PRODUCT_BUNDLE_IDENTIFIER = "com.undefined.WebViewBridge-Swift";
				PRODUCT_NAME = "$(TARGET_NAME)";
				SWIFT_VERSION = 3.0;
			};
			name = Release;
		};
/* End XCBuildConfiguration section */

/* Begin XCConfigurationList section */
		ED90A3281D1661DA003FA3A5 /* Build configuration list for PBXProject "WebViewBridge.Swift" */ = {
			isa = XCConfigurationList;
			buildConfigurations = (
				ED90A3531D1661DA003FA3A5 /* Debug */,
				ED90A3541D1661DA003FA3A5 /* Release */,
			);
			defaultConfigurationIsVisible = 0;
			defaultConfigurationName = Release;
		};
		ED90A3551D1661DA003FA3A5 /* Build configuration list for PBXNativeTarget "WebViewBridge.Swift" */ = {
			isa = XCConfigurationList;
			buildConfigurations = (
				ED90A3561D1661DA003FA3A5 /* Debug */,
				ED90A3571D1661DA003FA3A5 /* Release */,
			);
			defaultConfigurationIsVisible = 0;
			defaultConfigurationName = Release;
		};
/* End XCConfigurationList section */
	};
	rootObject = ED90A3251D1661DA003FA3A5 /* Project object */;
}
